
Microsoft Visual Studio Solution File, Format Version 12.00
# Visual Studio Version 17
VisualStudioVersion = 17.0.32126.317
MinimumVisualStudioVersion = 10.0.40219.1
Project("{8BC9CEB8-8B4A-11D0-8D11-00A0C91BC942}") = "5와 6의 차이", "백준\백준.vcxproj", "{D987C54A-6C83-4583-9809-241BEBABB406}"
EndProject
Project("{8BC9CEB8-8B4A-11D0-8D11-00A0C91BC942}") = "ATM", "ATM\ATM.vcxproj", "{EB2E2839-6CFD-4086-9D2C-2501A373E937}"
EndProject
Project("{8BC9CEB8-8B4A-11D0-8D11-00A0C91BC942}") = "보물", "보물\보물.vcxproj", "{74680B97-455B-46F6-842C-6386D549FB70}"
EndProject
Project("{8BC9CEB8-8B4A-11D0-8D11-00A0C91BC942}") = "Test", "Test\Test.vcxproj", "{36E12DB4-8B43-4EC9-8F82-244CB61C622D}"
EndProject
Project("{8BC9CEB8-8B4A-11D0-8D11-00A0C91BC942}") = "전자레인지", "전자레인지\전자레인지.vcxproj", "{C31FF8CB-F917-4A51-97E7-B8412779D554}"
EndProject
Project("{8BC9CEB8-8B4A-11D0-8D11-00A0C91BC942}") = "동전", "동전\동전.vcxproj", "{658FF820-4007-4E97-B5AE-9B776B00E2A4}"
EndProject
Project("{8BC9CEB8-8B4A-11D0-8D11-00A0C91BC942}") = "설탕배달", "설탕배달\설탕배달.vcxproj", "{EC2E5C60-29A0-43C2-86C3-EE00EFCED97A}"
EndProject
Project("{8BC9CEB8-8B4A-11D0-8D11-00A0C91BC942}") = "회의실배정", "회의실배정\회의실배정.vcxproj", "{8EE399A0-F0DF-45FB-B888-CA0A8E65FC42}"
EndProject
Project("{8BC9CEB8-8B4A-11D0-8D11-00A0C91BC942}") = "잃어버린 괄호", "잃어버린 괄호\잃어버린 괄호.vcxproj", "{5EEC3177-F5A7-4DA5-9B2D-E23CD8F15313}"
EndProject
Project("{8BC9CEB8-8B4A-11D0-8D11-00A0C91BC942}") = "로프", "로프\로프.vcxproj", "{6BC5D607-0C43-48D9-80E5-B8D58C6AACD1}"
EndProject
Project("{8BC9CEB8-8B4A-11D0-8D11-00A0C91BC942}") = "30", "30\30.vcxproj", "{E6020FE7-F0F7-45DB-A1BD-4E2871A5EFC2}"
EndProject
Project("{8BC9CEB8-8B4A-11D0-8D11-00A0C91BC942}") = "신입사원", "수들의합\수들의합.vcxproj", "{907F4560-1518-4A54-A432-52D79AB21FA3}"
EndProject
Project("{8BC9CEB8-8B4A-11D0-8D11-00A0C91BC942}") = "주유소", "주유소\주유소.vcxproj", "{03BE7A83-F8CB-4222-9B83-86D7300EF1A5}"
EndProject
Project("{8BC9CEB8-8B4A-11D0-8D11-00A0C91BC942}") = "Project1", "Project1\Project1.vcxproj", "{85BEAFAB-8227-4886-8392-C0A3C3A253B5}"
EndProject
Global
	GlobalSection(SolutionConfigurationPlatforms) = preSolution
		Debug|x64 = Debug|x64
		Debug|x86 = Debug|x86
		Release|x64 = Release|x64
		Release|x86 = Release|x86
	EndGlobalSection
	GlobalSection(ProjectConfigurationPlatforms) = postSolution
		{D987C54A-6C83-4583-9809-241BEBABB406}.Debug|x64.ActiveCfg = Debug|x64
		{D987C54A-6C83-4583-9809-241BEBABB406}.Debug|x64.Build.0 = Debug|x64
		{D987C54A-6C83-4583-9809-241BEBABB406}.Debug|x86.ActiveCfg = Debug|Win32
		{D987C54A-6C83-4583-9809-241BEBABB406}.Debug|x86.Build.0 = Debug|Win32
		{D987C54A-6C83-4583-9809-241BEBABB406}.Release|x64.ActiveCfg = Release|x64
		{D987C54A-6C83-4583-9809-241BEBABB406}.Release|x64.Build.0 = Release|x64
		{D987C54A-6C83-4583-9809-241BEBABB406}.Release|x86.ActiveCfg = Release|Win32
		{D987C54A-6C83-4583-9809-241BEBABB406}.Release|x86.Build.0 = Release|Win32
		{EB2E2839-6CFD-4086-9D2C-2501A373E937}.Debug|x64.ActiveCfg = Debug|x64
		{EB2E2839-6CFD-4086-9D2C-2501A373E937}.Debug|x64.Build.0 = Debug|x64
		{EB2E2839-6CFD-4086-9D2C-2501A373E937}.Debug|x86.ActiveCfg = Debug|Win32
		{EB2E2839-6CFD-4086-9D2C-2501A373E937}.Debug|x86.Build.0 = Debug|Win32
		{EB2E2839-6CFD-4086-9D2C-2501A373E937}.Release|x64.ActiveCfg = Release|x64
		{EB2E2839-6CFD-4086-9D2C-2501A373E937}.Release|x64.Build.0 = Release|x64
		{EB2E2839-6CFD-4086-9D2C-2501A373E937}.Release|x86.ActiveCfg = Release|Win32
		{EB2E2839-6CFD-4086-9D2C-2501A373E937}.Release|x86.Build.0 = Release|Win32
		{74680B97-455B-46F6-842C-6386D549FB70}.Debug|x64.ActiveCfg = Debug|x64
		{74680B97-455B-46F6-842C-6386D549FB70}.Debug|x64.Build.0 = Debug|x64
		{74680B97-455B-46F6-842C-6386D549FB70}.Debug|x86.ActiveCfg = Debug|Win32
		{74680B97-455B-46F6-842C-6386D549FB70}.Debug|x86.Build.0 = Debug|Win32
		{74680B97-455B-46F6-842C-6386D549FB70}.Release|x64.ActiveCfg = Release|x64
		{74680B97-455B-46F6-842C-6386D549FB70}.Release|x64.Build.0 = Release|x64
		{74680B97-455B-46F6-842C-6386D549FB70}.Release|x86.ActiveCfg = Release|Win32
		{74680B97-455B-46F6-842C-6386D549FB70}.Release|x86.Build.0 = Release|Win32
		{36E12DB4-8B43-4EC9-8F82-244CB61C622D}.Debug|x64.ActiveCfg = Debug|x64
		{36E12DB4-8B43-4EC9-8F82-244CB61C622D}.Debug|x64.Build.0 = Debug|x64
		{36E12DB4-8B43-4EC9-8F82-244CB61C622D}.Debug|x86.ActiveCfg = Debug|Win32
		{36E12DB4-8B43-4EC9-8F82-244CB61C622D}.Debug|x86.Build.0 = Debug|Win32
		{36E12DB4-8B43-4EC9-8F82-244CB61C622D}.Release|x64.ActiveCfg = Release|x64
		{36E12DB4-8B43-4EC9-8F82-244CB61C622D}.Release|x64.Build.0 = Release|x64
		{36E12DB4-8B43-4EC9-8F82-244CB61C622D}.Release|x86.ActiveCfg = Release|Win32
		{36E12DB4-8B43-4EC9-8F82-244CB61C622D}.Release|x86.Build.0 = Release|Win32
		{C31FF8CB-F917-4A51-97E7-B8412779D554}.Debug|x64.ActiveCfg = Debug|x64
		{C31FF8CB-F917-4A51-97E7-B8412779D554}.Debug|x64.Build.0 = Debug|x64
		{C31FF8CB-F917-4A51-97E7-B8412779D554}.Debug|x86.ActiveCfg = Debug|Win32
		{C31FF8CB-F917-4A51-97E7-B8412779D554}.Debug|x86.Build.0 = Debug|Win32
		{C31FF8CB-F917-4A51-97E7-B8412779D554}.Release|x64.ActiveCfg = Release|x64
		{C31FF8CB-F917-4A51-97E7-B8412779D554}.Release|x64.Build.0 = Release|x64
		{C31FF8CB-F917-4A51-97E7-B8412779D554}.Release|x86.ActiveCfg = Release|Win32
		{C31FF8CB-F917-4A51-97E7-B8412779D554}.Release|x86.Build.0 = Release|Win32
		{658FF820-4007-4E97-B5AE-9B776B00E2A4}.Debug|x64.ActiveCfg = Debug|x64
		{658FF820-4007-4E97-B5AE-9B776B00E2A4}.Debug|x64.Build.0 = Debug|x64
		{658FF820-4007-4E97-B5AE-9B776B00E2A4}.Debug|x86.ActiveCfg = Debug|Win32
		{658FF820-4007-4E97-B5AE-9B776B00E2A4}.Debug|x86.Build.0 = Debug|Win32
		{658FF820-4007-4E97-B5AE-9B776B00E2A4}.Release|x64.ActiveCfg = Release|x64
		{658FF820-4007-4E97-B5AE-9B776B00E2A4}.Release|x64.Build.0 = Release|x64
		{658FF820-4007-4E97-B5AE-9B776B00E2A4}.Release|x86.ActiveCfg = Release|Win32
		{658FF820-4007-4E97-B5AE-9B776B00E2A4}.Release|x86.Build.0 = Release|Win32
		{EC2E5C60-29A0-43C2-86C3-EE00EFCED97A}.Debug|x64.ActiveCfg = Debug|x64
		{EC2E5C60-29A0-43C2-86C3-EE00EFCED97A}.Debug|x64.Build.0 = Debug|x64
		{EC2E5C60-29A0-43C2-86C3-EE00EFCED97A}.Debug|x86.ActiveCfg = Debug|Win32
		{EC2E5C60-29A0-43C2-86C3-EE00EFCED97A}.Debug|x86.Build.0 = Debug|Win32
		{EC2E5C60-29A0-43C2-86C3-EE00EFCED97A}.Release|x64.ActiveCfg = Release|x64
		{EC2E5C60-29A0-43C2-86C3-EE00EFCED97A}.Release|x64.Build.0 = Release|x64
		{EC2E5C60-29A0-43C2-86C3-EE00EFCED97A}.Release|x86.ActiveCfg = Release|Win32
		{EC2E5C60-29A0-43C2-86C3-EE00EFCED97A}.Release|x86.Build.0 = Release|Win32
		{8EE399A0-F0DF-45FB-B888-CA0A8E65FC42}.Debug|x64.ActiveCfg = Debug|x64
		{8EE399A0-F0DF-45FB-B888-CA0A8E65FC42}.Debug|x64.Build.0 = Debug|x64
		{8EE399A0-F0DF-45FB-B888-CA0A8E65FC42}.Debug|x86.ActiveCfg = Debug|Win32
		{8EE399A0-F0DF-45FB-B888-CA0A8E65FC42}.Debug|x86.Build.0 = Debug|Win32
		{8EE399A0-F0DF-45FB-B888-CA0A8E65FC42}.Release|x64.ActiveCfg = Release|x64
		{8EE399A0-F0DF-45FB-B888-CA0A8E65FC42}.Release|x64.Build.0 = Release|x64
		{8EE399A0-F0DF-45FB-B888-CA0A8E65FC42}.Release|x86.ActiveCfg = Release|Win32
		{8EE399A0-F0DF-45FB-B888-CA0A8E65FC42}.Release|x86.Build.0 = Release|Win32
		{5EEC3177-F5A7-4DA5-9B2D-E23CD8F15313}.Debug|x64.ActiveCfg = Debug|x64
		{5EEC3177-F5A7-4DA5-9B2D-E23CD8F15313}.Debug|x64.Build.0 = Debug|x64
		{5EEC3177-F5A7-4DA5-9B2D-E23CD8F15313}.Debug|x86.ActiveCfg = Debug|Win32
		{5EEC3177-F5A7-4DA5-9B2D-E23CD8F15313}.Debug|x86.Build.0 = Debug|Win32
		{5EEC3177-F5A7-4DA5-9B2D-E23CD8F15313}.Release|x64.ActiveCfg = Release|x64
		{5EEC3177-F5A7-4DA5-9B2D-E23CD8F15313}.Release|x64.Build.0 = Release|x64
		{5EEC3177-F5A7-4DA5-9B2D-E23CD8F15313}.Release|x86.ActiveCfg = Release|Win32
		{5EEC3177-F5A7-4DA5-9B2D-E23CD8F15313}.Release|x86.Build.0 = Release|Win32
		{6BC5D607-0C43-48D9-80E5-B8D58C6AACD1}.Debug|x64.ActiveCfg = Debug|x64
		{6BC5D607-0C43-48D9-80E5-B8D58C6AACD1}.Debug|x64.Build.0 = Debug|x64
		{6BC5D607-0C43-48D9-80E5-B8D58C6AACD1}.Debug|x86.ActiveCfg = Debug|Win32
		{6BC5D607-0C43-48D9-80E5-B8D58C6AACD1}.Debug|x86.Build.0 = Debug|Win32
		{6BC5D607-0C43-48D9-80E5-B8D58C6AACD1}.Release|x64.ActiveCfg = Release|x64
		{6BC5D607-0C43-48D9-80E5-B8D58C6AACD1}.Release|x64.Build.0 = Release|x64
		{6BC5D607-0C43-48D9-80E5-B8D58C6AACD1}.Release|x86.ActiveCfg = Release|Win32
		{6BC5D607-0C43-48D9-80E5-B8D58C6AACD1}.Release|x86.Build.0 = Release|Win32
		{E6020FE7-F0F7-45DB-A1BD-4E2871A5EFC2}.Debug|x64.ActiveCfg = Debug|x64
		{E6020FE7-F0F7-45DB-A1BD-4E2871A5EFC2}.Debug|x64.Build.0 = Debug|x64
		{E6020FE7-F0F7-45DB-A1BD-4E2871A5EFC2}.Debug|x86.ActiveCfg = Debug|Win32
		{E6020FE7-F0F7-45DB-A1BD-4E2871A5EFC2}.Debug|x86.Build.0 = Debug|Win32
		{E6020FE7-F0F7-45DB-A1BD-4E2871A5EFC2}.Release|x64.ActiveCfg = Release|x64
		{E6020FE7-F0F7-45DB-A1BD-4E2871A5EFC2}.Release|x64.Build.0 = Release|x64
		{E6020FE7-F0F7-45DB-A1BD-4E2871A5EFC2}.Release|x86.ActiveCfg = Release|Win32
		{E6020FE7-F0F7-45DB-A1BD-4E2871A5EFC2}.Release|x86.Build.0 = Release|Win32
		{907F4560-1518-4A54-A432-52D79AB21FA3}.Debug|x64.ActiveCfg = Debug|x64
		{907F4560-1518-4A54-A432-52D79AB21FA3}.Debug|x64.Build.0 = Debug|x64
		{907F4560-1518-4A54-A432-52D79AB21FA3}.Debug|x86.ActiveCfg = Debug|Win32
		{907F4560-1518-4A54-A432-52D79AB21FA3}.Debug|x86.Build.0 = Debug|Win32
		{907F4560-1518-4A54-A432-52D79AB21FA3}.Release|x64.ActiveCfg = Release|x64
		{907F4560-1518-4A54-A432-52D79AB21FA3}.Release|x64.Build.0 = Release|x64
		{907F4560-1518-4A54-A432-52D79AB21FA3}.Release|x86.ActiveCfg = Release|Win32
		{907F4560-1518-4A54-A432-52D79AB21FA3}.Release|x86.Build.0 = Release|Win32
		{03BE7A83-F8CB-4222-9B83-86D7300EF1A5}.Debug|x64.ActiveCfg = Debug|x64
		{03BE7A83-F8CB-4222-9B83-86D7300EF1A5}.Debug|x64.Build.0 = Debug|x64
		{03BE7A83-F8CB-4222-9B83-86D7300EF1A5}.Debug|x86.ActiveCfg = Debug|Win32
		{03BE7A83-F8CB-4222-9B83-86D7300EF1A5}.Debug|x86.Build.0 = Debug|Win32
		{03BE7A83-F8CB-4222-9B83-86D7300EF1A5}.Release|x64.ActiveCfg = Release|x64
		{03BE7A83-F8CB-4222-9B83-86D7300EF1A5}.Release|x64.Build.0 = Release|x64
		{03BE7A83-F8CB-4222-9B83-86D7300EF1A5}.Release|x86.ActiveCfg = Release|Win32
		{03BE7A83-F8CB-4222-9B83-86D7300EF1A5}.Release|x86.Build.0 = Release|Win32
		{85BEAFAB-8227-4886-8392-C0A3C3A253B5}.Debug|x64.ActiveCfg = Debug|x64
		{85BEAFAB-8227-4886-8392-C0A3C3A253B5}.Debug|x64.Build.0 = Debug|x64
		{85BEAFAB-8227-4886-8392-C0A3C3A253B5}.Debug|x86.ActiveCfg = Debug|Win32
		{85BEAFAB-8227-4886-8392-C0A3C3A253B5}.Debug|x86.Build.0 = Debug|Win32
		{85BEAFAB-8227-4886-8392-C0A3C3A253B5}.Release|x64.ActiveCfg = Release|x64
		{85BEAFAB-8227-4886-8392-C0A3C3A253B5}.Release|x64.Build.0 = Release|x64
		{85BEAFAB-8227-4886-8392-C0A3C3A253B5}.Release|x86.ActiveCfg = Release|Win32
		{85BEAFAB-8227-4886-8392-C0A3C3A253B5}.Release|x86.Build.0 = Release|Win32
	EndGlobalSection
	GlobalSection(SolutionProperties) = preSolution
		HideSolutionNode = FALSE
	EndGlobalSection
	GlobalSection(ExtensibilityGlobals) = postSolution
		SolutionGuid = {C817E00A-C11A-4DA9-A48E-09727DAC9DF6}
	EndGlobalSection
EndGlobal
